{
  "name": "exemplar",
  "version": "0.0.1",
  "lockfileVersion": 1,
  "requires": true,
  "dependencies": {
    "argh": {
      "version": "0.1.4",
      "resolved": "https://artifactory.secureserver.net/artifactory/api/npm/node-virt/argh/-/argh-0.1.4.tgz",
      "integrity": "sha1-PrTWEpc/xrbcbvM49W91nyrFw6Y=",
      "dev": true
    },
    "color": {
      "version": "3.0.0",
      "resolved": "https://artifactory.secureserver.net/artifactory/api/npm/node-virt/color/-/color-3.0.0.tgz",
      "integrity": "sha1-2SC0Mo1TSjrIKV1o971LpsQnvpo=",
      "dev": true,
      "requires": {
        "color-convert": "^1.9.1",
        "color-string": "^1.5.2"
      }
    },
    "color-convert": {
      "version": "1.9.3",
      "resolved": "https://artifactory.secureserver.net/artifactory/api/npm/node-virt/color-convert/-/color-convert-1.9.3.tgz",
      "integrity": "sha1-u3GFBpDh8TZWfeYp0tVHHe2kweg=",
      "dev": true,
      "requires": {
        "color-name": "1.1.3"
      }
    },
    "color-name": {
      "version": "1.1.3",
      "resolved": "https://artifactory.secureserver.net/artifactory/api/npm/node-virt/color-name/-/color-name-1.1.3.tgz",
      "integrity": "sha1-p9BVi9icQveV3UIyj3QIMcpTvCU=",
      "dev": true
    },
    "color-string": {
      "version": "1.5.3",
      "resolved": "https://artifactory.secureserver.net/artifactory/api/npm/node-virt/color-string/-/color-string-1.5.3.tgz",
      "integrity": "sha1-ybvF8BtYtUkvPWhXRZy2WQziBMw=",
      "dev": true,
      "requires": {
        "color-name": "^1.0.0",
        "simple-swizzle": "^0.2.2"
      }
    },
    "colornames": {
      "version": "1.1.1",
      "resolved": "https://artifactory.secureserver.net/artifactory/api/npm/node-virt/colornames/-/colornames-1.1.1.tgz",
      "integrity": "sha1-+IiQMGhcfE/54qVZ9Qd+t2qBb5Y=",
      "dev": true
    },
    "colorspace": {
      "version": "1.1.1",
      "resolved": "https://artifactory.secureserver.net/artifactory/api/npm/node-virt/colorspace/-/colorspace-1.1.1.tgz",
      "integrity": "sha1-msJJHhvG+PtpDiF2gU+NCRY22XI=",
      "dev": true,
      "requires": {
        "color": "3.0.x",
        "text-hex": "1.0.x"
      }
    },
    "demolish": {
      "version": "1.0.2",
      "resolved": "https://artifactory.secureserver.net/artifactory/api/npm/node-virt/demolish/-/demolish-1.0.2.tgz",
      "integrity": "sha1-VFDAsNrIUNjYL/c4h2/Tz5C+UPE=",
      "dev": true
    },
    "diagnostics": {
      "version": "1.1.1",
      "resolved": "https://artifactory.secureserver.net/artifactory/api/npm/node-virt/diagnostics/-/diagnostics-1.1.1.tgz",
      "integrity": "sha1-yrasM99wydmnJ0kK5DrJladpsio=",
      "dev": true,
      "requires": {
        "colorspace": "1.1.x",
        "enabled": "1.0.x",
        "kuler": "1.0.x"
      }
    },
    "dotfig": {
      "version": "1.2.0",
      "resolved": "https://artifactory.secureserver.net/artifactory/api/npm/node-virt/dotfig/-/dotfig-1.2.0.tgz",
      "integrity": "sha1-x21tnUza5cX2SAqroMEByyU2G/U=",
      "dev": true,
      "requires": {
        "resolves": "^1.0.0"
      }
    },
    "emits": {
      "version": "3.0.0",
      "resolved": "https://artifactory.secureserver.net/artifactory/api/npm/node-virt/emits/-/emits-3.0.0.tgz",
      "integrity": "sha1-MnUrupXhcHshlWI4Srm7ix/WL3A=",
      "dev": true
    },
    "enabled": {
      "version": "1.0.2",
      "resolved": "https://artifactory.secureserver.net/artifactory/api/npm/node-virt/enabled/-/enabled-1.0.2.tgz",
      "integrity": "sha1-ll9lE9LC0cX0ZStkouM5ZGf8L5M=",
      "dev": true,
      "requires": {
        "env-variable": "0.0.x"
      }
    },
    "env-variable": {
      "version": "0.0.5",
      "resolved": "https://artifactory.secureserver.net/artifactory/api/npm/node-virt/env-variable/-/env-variable-0.0.5.tgz",
      "integrity": "sha1-kT3YML7xHpagOcA41BMGBOujf4g=",
      "dev": true
    },
    "extendible": {
      "version": "0.1.1",
      "resolved": "https://artifactory.secureserver.net/artifactory/api/npm/node-virt/extendible/-/extendible-0.1.1.tgz",
      "integrity": "sha1-4qN+2HEp+0+VM+io11BiMKU5yQU=",
      "dev": true
    },
    "fusing": {
      "version": "1.0.0",
      "resolved": "https://artifactory.secureserver.net/artifactory/api/npm/node-virt/fusing/-/fusing-1.0.0.tgz",
      "integrity": "sha1-VQwV12r5Jld4qgUezkTUAAoJjUU=",
      "dev": true,
      "requires": {
        "emits": "3.0.x",
        "predefine": "0.1.x"
      }
    },
    "git-format": {
      "version": "0.0.1",
      "resolved": "https://artifactory.secureserver.net/artifactory/api/npm/node-virt/git-format/-/git-format-0.0.1.tgz",
      "integrity": "sha1-1upuvfrXIClsFTzbK8VNqIeoS64=",
      "dev": true
    },
    "git-shizzle": {
      "version": "0.0.5",
      "resolved": "https://artifactory.secureserver.net/artifactory/api/npm/node-virt/git-shizzle/-/git-shizzle-0.0.5.tgz",
      "integrity": "sha1-Jxb06WQWK0K/YTBcQQyLTj1CODs=",
      "dev": true,
      "requires": {
        "diagnostics": "1.1.x",
        "fusing": "1.0.x",
        "git-format": "0.0.x",
        "shelljs": "0.3.x"
      }
    },
    "is-arrayish": {
      "version": "0.3.2",
      "resolved": "https://artifactory.secureserver.net/artifactory/api/npm/node-virt/is-arrayish/-/is-arrayish-0.3.2.tgz",
      "integrity": "sha1-RXSirlb3qyBolvtDHq7tBm/fjwM=",
      "dev": true
    },
    "kuler": {
      "version": "1.0.1",
      "resolved": "https://artifactory.secureserver.net/artifactory/api/npm/node-virt/kuler/-/kuler-1.0.1.tgz",
      "integrity": "sha1-73x4TzbJ+24W3TFQ0VJneysCKKY=",
      "dev": true,
      "requires": {
        "colornames": "^1.1.1"
      }
    },
    "mono-repos": {
      "version": "0.1.1",
      "resolved": "https://artifactory.secureserver.net/artifactory/api/npm/node-virt/mono-repos/-/mono-repos-0.1.1.tgz",
      "integrity": "sha1-+p8BRiFRxax50XAb+oAhINLB8+E=",
      "dev": true,
      "requires": {
        "argh": "^0.1.4",
        "dotfig": "^1.0.1",
        "git-shizzle": "^0.0.5",
        "npm-shizzle": "^1.1.0",
        "warnings": "^1.0.1"
      }
    },
    "npm-shizzle": {
      "version": "1.1.0",
      "resolved": "https://artifactory.secureserver.net/artifactory/api/npm/node-virt/npm-shizzle/-/npm-shizzle-1.1.0.tgz",
      "integrity": "sha1-UCX3MWjW48i+qPd38ioJZFXI5DU=",
      "dev": true,
      "requires": {
        "diagnostics": "0.0.x",
        "fusing": "1.0.x",
        "shelljs": "0.3.x"
      },
      "dependencies": {
        "color": {
          "version": "0.7.3",
          "resolved": "https://artifactory.secureserver.net/artifactory/api/npm/node-virt/color/-/color-0.7.3.tgz",
          "integrity": "sha1-qzrkvGy4z62110nEDzSuoIgQT4k=",
          "dev": true,
          "requires": {
            "color-convert": "0.5.x",
            "color-string": "0.2.x"
          }
        },
        "color-convert": {
          "version": "0.5.3",
          "resolved": "https://artifactory.secureserver.net/artifactory/api/npm/node-virt/color-convert/-/color-convert-0.5.3.tgz",
          "integrity": "sha1-vbbGnOZg+t/+CwAHzER+G59ygr0=",
          "dev": true
        },
        "color-name": {
          "version": "1.0.1",
          "resolved": "https://artifactory.secureserver.net/artifactory/api/npm/node-virt/color-name/-/color-name-1.0.1.tgz",
          "integrity": "sha1-azSyspt3FgE5crC51b7c+7Zxjfg=",
          "dev": true
        },
        "color-string": {
          "version": "0.2.4",
          "resolved": "https://artifactory.secureserver.net/artifactory/api/npm/node-virt/color-string/-/color-string-0.2.4.tgz",
          "integrity": "sha1-Ih/2QjT3Gqo+E7yMfoyV883Y+Bo=",
          "dev": true,
          "requires": {
            "color-name": "1.0.x"
          }
        },
        "colornames": {
          "version": "0.0.2",
          "resolved": "https://artifactory.secureserver.net/artifactory/api/npm/node-virt/colornames/-/colornames-0.0.2.tgz",
          "integrity": "sha1-2BH9bIT1kClJmorEQ2ICk1uSvjE=",
          "dev": true
        },
        "diagnostics": {
          "version": "0.0.4",
          "resolved": "https://artifactory.secureserver.net/artifactory/api/npm/node-virt/diagnostics/-/diagnostics-0.0.4.tgz",
          "integrity": "sha1-eSo8cRW+XfRl5pOZBRdcslNAbRc=",
          "dev": true,
          "requires": {
            "color": "0.7.x",
            "colornames": "0.0.x",
            "env-variable": "0.0.x",
            "kuler": "0.0.x",
            "text-hex": "0.0.x"
          }
        },
        "kuler": {
          "version": "0.0.0",
          "resolved": "https://artifactory.secureserver.net/artifactory/api/npm/node-virt/kuler/-/kuler-0.0.0.tgz",
          "integrity": "sha1-tmu0a5NOVQ9Z2BiEjgq7pPf1VTw=",
          "dev": true,
          "requires": {
            "colornames": "0.0.2"
          }
        },
        "text-hex": {
          "version": "0.0.0",
          "resolved": "https://artifactory.secureserver.net/artifactory/api/npm/node-virt/text-hex/-/text-hex-0.0.0.tgz",
          "integrity": "sha1-V4+8haapJjbkLdF7QdAhjM6esrM=",
          "dev": true
        }
      }
    },
    "predefine": {
      "version": "0.1.2",
      "resolved": "https://artifactory.secureserver.net/artifactory/api/npm/node-virt/predefine/-/predefine-0.1.2.tgz",
      "integrity": "sha1-KqkrRJa8H4VU5DpF92v75Q0z038=",
      "dev": true,
      "requires": {
        "extendible": "0.1.x"
      }
    },
    "resolves": {
      "version": "1.0.0",
      "resolved": "https://artifactory.secureserver.net/artifactory/api/npm/node-virt/resolves/-/resolves-1.0.0.tgz",
      "integrity": "sha1-oZoVnpLuzvyBL7V1tOlI8IYLv6o=",
      "dev": true
    },
    "shelljs": {
      "version": "0.3.0",
      "resolved": "https://artifactory.secureserver.net/artifactory/api/npm/node-virt/shelljs/-/shelljs-0.3.0.tgz",
      "integrity": "sha1-NZbmMHp4FUT1kfN9phg2DzHbV7E=",
      "dev": true
    },
    "simple-swizzle": {
      "version": "0.2.2",
      "resolved": "https://artifactory.secureserver.net/artifactory/api/npm/node-virt/simple-swizzle/-/simple-swizzle-0.2.2.tgz",
      "integrity": "sha1-pNprY1/8zMoz9w0Xy5JZLeleVXo=",
      "dev": true,
      "requires": {
        "is-arrayish": "^0.3.1"
      }
    },
    "text-hex": {
      "version": "1.0.0",
      "resolved": "https://artifactory.secureserver.net/artifactory/api/npm/node-virt/text-hex/-/text-hex-1.0.0.tgz",
      "integrity": "sha1-adycGxdEbueakr9biEu0uRJ1BvU=",
      "dev": true
    },
    "warnings": {
      "version": "1.0.1",
      "resolved": "https://artifactory.secureserver.net/artifactory/api/npm/node-virt/warnings/-/warnings-1.0.1.tgz",
      "integrity": "sha1-zTTSUjhdoYSfGWQuTTkPMjOxhqw=",
      "dev": true,
      "requires": {
        "demolish": "1.0.x",
        "kuler": "0.0.x"
      },
      "dependencies": {
        "colornames": {
          "version": "0.0.2",
          "resolved": "https://artifactory.secureserver.net/artifactory/api/npm/node-virt/colornames/-/colornames-0.0.2.tgz",
          "integrity": "sha1-2BH9bIT1kClJmorEQ2ICk1uSvjE=",
          "dev": true
        },
        "kuler": {
          "version": "0.0.0",
          "resolved": "https://artifactory.secureserver.net/artifactory/api/npm/node-virt/kuler/-/kuler-0.0.0.tgz",
          "integrity": "sha1-tmu0a5NOVQ9Z2BiEjgq7pPf1VTw=",
          "dev": true,
          "requires": {
            "colornames": "0.0.2"
          }
        }
      }
    }
  }
}
